// !$*UTF8*$!
{
	archiveVersion = 1;
	classes = {
	};
	objectVersion = 46;
	objects = {

/* Begin PBXBuildFile section */
		42E012FA1C595A5800949C5B /* AppDelegate.swift in Sources */ = {isa = PBXBuildFile; fileRef = 42E012F91C595A5800949C5B /* AppDelegate.swift */; };
		42E012FC1C595A5800949C5B /* ViewController.swift in Sources */ = {isa = PBXBuildFile; fileRef = 42E012FB1C595A5800949C5B /* ViewController.swift */; };
		42E012FF1C595A5800949C5B /* Main.storyboard in Resources */ = {isa = PBXBuildFile; fileRef = 42E012FD1C595A5800949C5B /* Main.storyboard */; };
		42E013011C595A5800949C5B /* Assets.xcassets in Resources */ = {isa = PBXBuildFile; fileRef = 42E013001C595A5800949C5B /* Assets.xcassets */; };
		42E013041C595A5800949C5B /* LaunchScreen.storyboard in Resources */ = {isa = PBXBuildFile; fileRef = 42E013021C595A5800949C5B /* LaunchScreen.storyboard */; };
		42E013111C595B2200949C5B /* frame1.png in Resources */ = {isa = PBXBuildFile; fileRef = 42E0130C1C595B2200949C5B /* frame1.png */; };
		42E013121C595B2200949C5B /* frame2.png in Resources */ = {isa = PBXBuildFile; fileRef = 42E0130D1C595B2200949C5B /* frame2.png */; };
		42E013131C595B2200949C5B /* frame3.png in Resources */ = {isa = PBXBuildFile; fileRef = 42E0130E1C595B2200949C5B /* frame3.png */; };
		42E013141C595B2200949C5B /* frame4.png in Resources */ = {isa = PBXBuildFile; fileRef = 42E0130F1C595B2200949C5B /* frame4.png */; };
		42E013151C595B2200949C5B /* frame5.png in Resources */ = {isa = PBXBuildFile; fileRef = 42E013101C595B2200949C5B /* frame5.png */; };
/* End PBXBuildFile section */

/* Begin PBXFileReference section */
		42E012F61C595A5800949C5B /* Animations.app */ = {isa = PBXFileReference; explicitFileType = wrapper.application; includeInIndex = 0; path = Animations.app; sourceTree = BUILT_PRODUCTS_DIR; };
		42E012F91C595A5800949C5B /* AppDelegate.swift */ = {isa = PBXFileReference; lastKnownFileType = sourcecode.swift; path = AppDelegate.swift; sourceTree = "<group>"; };
		42E012FB1C595A5800949C5B /* ViewController.swift */ = {isa = PBXFileReference; lastKnownFileType = sourcecode.swift; path = ViewController.swift; sourceTree = "<group>"; };
		42E012FE1C595A5800949C5B /* Base */ = {isa = PBXFileReference; lastKnownFileType = file.storyboard; name = Base; path = Base.lproj/Main.storyboard; sourceTree = "<group>"; };
		42E013001C595A5800949C5B /* Assets.xcassets */ = {isa = PBXFileReference; lastKnownFileType = folder.assetcatalog; path = Assets.xcassets; sourceTree = "<group>"; };
		42E013031C595A5800949C5B /* Base */ = {isa = PBXFileReference; lastKnownFileType = file.storyboard; name = Base; path = Base.lproj/LaunchScreen.storyboard; sourceTree = "<group>"; };
		42E013051C595A5800949C5B /* Info.plist */ = {isa = PBXFileReference; lastKnownFileType = text.plist.xml; path = Info.plist; sourceTree = "<group>"; };
		42E0130C1C595B2200949C5B /* frame1.png */ = {isa = PBXFileReference; lastKnownFileType = image.png; path = frame1.png; sourceTree = "<group>"; };
		42E0130D1C595B2200949C5B /* frame2.png */ = {isa = PBXFileReference; lastKnownFileType = image.png; path = frame2.png; sourceTree = "<group>"; };
		42E0130E1C595B2200949C5B /* frame3.png */ = {isa = PBXFileReference; lastKnownFileType = image.png; path = frame3.png; sourceTree = "<group>"; };
		42E0130F1C595B2200949C5B /* frame4.png */ = {isa = PBXFileReference; lastKnownFileType = image.png; path = frame4.png; sourceTree = "<group>"; };
		42E013101C595B2200949C5B /* frame5.png */ = {isa = PBXFileReference; lastKnownFileType = image.png; path = frame5.png; sourceTree = "<group>"; };
/* End PBXFileReference section */

/* Begin PBXFrameworksBuildPhase section */
		42E012F31C595A5800949C5B /* Frameworks */ = {
			isa = PBXFrameworksBuildPhase;
			buildActionMask = 2147483647;
			files = (
			);
			runOnlyForDeploymentPostprocessing = 0;
		};
/* End PBXFrameworksBuildPhase section */

/* Begin PBXGroup section */
		42E012ED1C595A5800949C5B = {
			isa = PBXGroup;
			children = (
				42E012F81C595A5800949C5B /* Animations */,
				42E012F71C595A5800949C5B /* Products */,
			);
			sourceTree = "<group>";
		};
		42E012F71C595A5800949C5B /* Products */ = {
			isa = PBXGroup;
			children = (
				42E012F61C595A5800949C5B /* Animations.app */,
			);
			name = Products;
			sourceTree = "<group>";
		};
		42E012F81C595A5800949C5B /* Animations */ = {
			isa = PBXGroup;
			children = (
				42E0130B1C595B0900949C5B /* images */,
				42E012F91C595A5800949C5B /* AppDelegate.swift */,
				42E012FB1C595A5800949C5B /* ViewController.swift */,
				42E012FD1C595A5800949C5B /* Main.storyboard */,
				42E013001C595A5800949C5B /* Assets.xcassets */,
				42E013021C595A5800949C5B /* LaunchScreen.storyboard */,
				42E013051C595A5800949C5B /* Info.plist */,
			);
			path = Animations;
			sourceTree = "<group>";
		};
		42E0130B1C595B0900949C5B /* images */ = {
			isa = PBXGroup;
			children = (
				42E0130C1C595B2200949C5B /* frame1.png */,
				42E0130D1C595B2200949C5B /* frame2.png */,
				42E0130E1C595B2200949C5B /* frame3.png */,
				42E0130F1C595B2200949C5B /* frame4.png */,
				42E013101C595B2200949C5B /* frame5.png */,
			);
			name = images;
			sourceTree = "<group>";
		};
/* End PBXGroup section */

/* Begin PBXNativeTarget section */
		42E012F51C595A5800949C5B /* Animations */ = {
			isa = PBXNativeTarget;
			buildConfigurationList = 42E013081C595A5800949C5B /* Build configuration list for PBXNativeTarget "Animations" */;
			buildPhases = (
				42E012F21C595A5800949C5B /* Sources */,
				42E012F31C595A5800949C5B /* Frameworks */,
				42E012F41C595A5800949C5B /* Resources */,
			);
			buildRules = (
			);
			dependencies = (
			);
			name = Animations;
			productName = Animations;
			productReference = 42E012F61C595A5800949C5B /* Animations.app */;
			productType = "com.apple.product-type.application";
		};
/* End PBXNativeTarget section */

/* Begin PBXProject section */
		42E012EE1C595A5800949C5B /* Project object */ = {
			isa = PBXProject;
			attributes = {
				LastSwiftUpdateCheck = 0720;
				LastUpgradeCheck = 0720;
				ORGANIZATIONNAME = WERUreo;
				TargetAttributes = {
					42E012F51C595A5800949C5B = {
						CreatedOnToolsVersion = 7.2;
					};
				};
			};
			buildConfigurationList = 42E012F11C595A5800949C5B /* Build configuration list for PBXProject "Animations" */;
			compatibilityVersion = "Xcode 3.2";
			developmentRegion = English;
			hasScannedForEncodings = 0;
			knownRegions = (
				en,
				Base,
			);
			mainGroup = 42E012ED1C595A5800949C5B;
			productRefGroup = 42E012F71C595A5800949C5B /* Products */;
			projectDirPath = "";
			projectRoot = "";
			targets = (
				42E012F51C595A5800949C5B /* Animations */,
			);
		};
/* End PBXProject section */

/* Begin PBXResourcesBuildPhase section */
		42E012F41C595A5800949C5B /* Resources */ = {
			isa = PBXResourcesBuildPhase;
			buildActionMask = 2147483647;
			files = (
				42E013121C595B2200949C5B /* frame2.png in Resources */,
				42E013131C595B2200949C5B /* frame3.png in Resources */,
				42E013141C595B2200949C5B /* frame4.png in Resources */,
				42E013041C595A5800949C5B /* LaunchScreen.storyboard in Resources */,
				42E013111C595B2200949C5B /* frame1.png in Resources */,
				42E013151C595B2200949C5B /* frame5.png in Resources */,
				42E013011C595A5800949C5B /* Assets.xcassets in Resources */,
				42E012FF1C595A5800949C5B /* Main.storyboard in Resources */,
			);
			runOnlyForDeploymentPostprocessing = 0;
		};
/* End PBXResourcesBuildPhase section */

/* Begin PBXSourcesBuildPhase section */
		42E012F21C595A5800949C5B /* Sources */ = {
			isa = PBXSourcesBuildPhase;
			buildActionMask = 2147483647;
			files = (
				42E012FC1C595A5800949C5B /* ViewController.swift in Sources */,
				42E012FA1C595A5800949C5B /* AppDelegate.swift in Sources */,
			);
			runOnlyForDeploymentPostprocessing = 0;
		};
/* End PBXSourcesBuildPhase section */

/* Begin PBXVariantGroup section */
		42E012FD1C595A5800949C5B /* Main.storyboard */ = {
			isa = PBXVariantGroup;
			children = (
				42E012FE1C595A5800949C5B /* Base */,
			);
			name = Main.storyboard;
			sourceTree = "<group>";
		};
		42E013021C595A5800949C5B /* LaunchScreen.storyboard */ = {
			isa = PBXVariantGroup;
			children = (
				42E013031C595A5800949C5B /* Base */,
			);
			name = LaunchScreen.storyboard;
			sourceTree = "<group>";
		};
/* End PBXVariantGroup section */

/* Begin XCBuildConfiguration section */
		42E013061C595A5800949C5B /* Debug */ = {
			isa = XCBuildConfiguration;
			buildSettings = {
				ALWAYS_SEARCH_USER_PATHS = NO;
				CLANG_CXX_LANGUAGE_STANDARD = "gnu++0x";
				CLANG_CXX_LIBRARY = "libc++";
				CLANG_ENABLE_MODULES = YES;
				CLANG_ENABLE_OBJC_ARC = YES;
				CLANG_WARN_BOOL_CONVERSION = YES;
				CLANG_WARN_CONSTANT_CONVERSION = YES;
				CLANG_WARN_DIRECT_OBJC_ISA_USAGE = YES_ERROR;
				CLANG_WARN_EMPTY_BODY = YES;
				CLANG_WARN_ENUM_CONVERSION = YES;
				CLANG_WARN_INT_CONVERSION = YES;
				CLANG_WARN_OBJC_ROOT_CLASS = YES_ERROR;
				CLANG_WARN_UNREACHABLE_CODE = YES;
				CLANG_WARN__DUPLICATE_METHOD_MATCH = YES;
				"CODE_SIGN_IDENTITY[sdk=iphoneos*]" = "iPhone Developer";
				COPY_PHASE_STRIP = NO;
				DEBUG_INFORMATION_FORMAT = dwarf;
				ENABLE_STRICT_OBJC_MSGSEND = YES;
				ENABLE_TESTABILITY = YES;
				GCC_C_LANGUAGE_STANDARD = gnu99;
				GCC_DYNAMIC_NO_PIC = NO;
				GCC_NO_COMMON_BLOCKS = YES;
				GCC_OPTIMIZATION_LEVEL = 0;
				GCC_PREPROCESSOR_DEFINITIONS = (
					"DEBUG=1",
					"$(inherited)",
				);
				GCC_WARN_64_TO_32_BIT_CONVERSION = YES;
				GCC_WARN_ABOUT_RETURN_TYPE = YES_ERROR;
				GCC_WARN_UNDECLARED_SELECTOR = YES;
				GCC_WARN_UNINITIALIZED_AUTOS = YES_AGGRESSIVE;
				GCC_WARN_UNUSED_FUNCTION = YES;
				GCC_WARN_UNUSED_VARIABLE = YES;
				IPHONEOS_DEPLOYMENT_TARGET = 9.2;
				MTL_ENABLE_DEBUG_INFO = YES;
				ONLY_ACTIVE_ARCH = YES;
				SDKROOT = iphoneos;
				SWIFT_OPTIMIZATION_LEVEL = "-Onone";
				TARGETED_DEVICE_FAMILY = "1,2";
			};
			name = Debug;
		};
		42E013071C595A5800949C5B /* Release */ = {
			isa = XCBuildConfiguration;
			buildSettings = {
				ALWAYS_SEARCH_USER_PATHS = NO;
				CLANG_CXX_LANGUAGE_STANDARD = "gnu++0x";
				CLANG_CXX_LIBRARY = "libc++";
				CLANG_ENABLE_MODULES = YES;
				CLANG_ENABLE_OBJC_ARC = YES;
				CLANG_WARN_BOOL_CONVERSION = YES;
				CLANG_WARN_CONSTANT_CONVERSION = YES;
				CLANG_WARN_DIRECT_OBJC_ISA_USAGE = YES_ERROR;
				CLANG_WARN_EMPTY_BODY = YES;
				CLANG_WARN_ENUM_CONVERSION = YES;
				CLANG_WARN_INT_CONVERSION = YES;
				CLANG_WARN_OBJC_ROOT_CLASS = YES_ERROR;
				CLANG_WARN_UNREACHABLE_CODE = YES;
				CLANG_WARN__DUPLICATE_METHOD_MATCH = YES;
				"CODE_SIGN_IDENTITY[sdk=iphoneos*]" = "iPhone Developer";
				COPY_PHASE_STRIP = NO;
				DEBUG_INFORMATION_FORMAT = "dwarf-with-dsym";
				ENABLE_NS_ASSERTIONS = NO;
				ENABLE_STRICT_OBJC_MSGSEND = YES;
				GCC_C_LANGUAGE_STANDARD = gnu99;
				GCC_NO_COMMON_BLOCKS = YES;
				GCC_WARN_64_TO_32_BIT_CONVERSION = YES;
				GCC_WARN_ABOUT_RETURN_TYPE = YES_ERROR;
				GCC_WARN_UNDECLARED_SELECTOR = YES;
				GCC_WARN_UNINITIALIZED_AUTOS = YES_AGGRESSIVE;
				GCC_WARN_UNUSED_FUNCTION = YES;
				GCC_WARN_UNUSED_VARIABLE = YES;
				IPHONEOS_DEPLOYMENT_TARGET = 9.2;
				MTL_ENABLE_DEBUG_INFO = NO;
				SDKROOT = iphoneos;
				TARGETED_DEVICE_FAMILY = "1,2";
				VALIDATE_PRODUCT = YES;
			};
			name = Release;
		};
		42E013091C595A5800949C5B /* Debug */ = {
			isa = XCBuildConfiguration;
			buildSettings = {
				ASSETCATALOG_COMPILER_APPICON_NAME = AppIcon;
				INFOPLIST_FILE = Animations/Info.plist;
				LD_RUNPATH_SEARCH_PATHS = "$(inherited) @executable_path/Frameworks";
				PRODUCT_BUNDLE_IDENTIFIER = com.WERUreo.Animations;
				PRODUCT_NAME = "$(TARGET_NAME)";
			};
			name = Debug;
		};
		42E0130A1C595A5800949C5B /* Release */ = {
			isa = XCBuildConfiguration;
			buildSettings = {
				ASSETCATALOG_COMPILER_APPICON_NAME = AppIcon;
				INFOPLIST_FILE = Animations/Info.plist;
				LD_RUNPATH_SEARCH_PATHS = "$(inherited) @executable_path/Frameworks";
				PRODUCT_BUNDLE_IDENTIFIER = com.WERUreo.Animations;
				PRODUCT_NAME = "$(TARGET_NAME)";
			};
			name = Release;
		};
/* End XCBuildConfiguration section */

/* Begin XCConfigurationList section */
		42E012F11C595A5800949C5B /* Build configuration list for PBXProject "Animations" */ = {
			isa = XCConfigurationList;
			buildConfigurations = (
				42E013061C595A5800949C5B /* Debug */,
				42E013071C595A5800949C5B /* Release */,
			);
			defaultConfigurationIsVisible = 0;
			defaultConfigurationName = Release;
		};
		42E013081C595A5800949C5B /* Build configuration list for PBXNativeTarget "Animations" */ = {
			isa = XCConfigurationList;
			buildConfigurations = (
				42E013091C595A5800949C5B /* Debug */,
				42E0130A1C595A5800949C5B /* Release */,
			);
			defaultConfigurationIsVisible = 0;
		};
/* End XCConfigurationList section */
	};
	rootObject = 42E012EE1C595A5800949C5B /* Project object */;
}
